
Microsoft Visual Studio Solution File, Format Version 11.00
# Visual Studio 2010
Project("{FAE04EC0-301F-11D3-BF4B-00C04F79EFBC}") = "Dispenser", "Dispenser\Dispenser.csproj", "{0BF9A1F6-B625-49A6-B54B-E5DEFC9442EA}"
EndProject
Global
	GlobalSection(SolutionConfigurationPlatforms) = preSolution
		Debug|Any CPU = Debug|Any CPU
		Release|Any CPU = Release|Any CPU
	EndGlobalSection
	GlobalSection(ProjectConfigurationPlatforms) = postSolution
		{0BF9A1F6-B625-49A6-B54B-E5DEFC9442EA}.Debug|Any CPU.ActiveCfg = Debug|Any CPU
		{0BF9A1F6-B625-49A6-B54B-E5DEFC9442EA}.Debug|Any CPU.Build.0 = Debug|Any CPU
		{0BF9A1F6-B625-49A6-B54B-E5DEFC9442EA}.Release|Any CPU.ActiveCfg = Release|Any CPU
		{0BF9A1F6-B625-49A6-B54B-E5DEFC9442EA}.Release|Any CPU.Build.0 = Release|Any CPU
	EndGlobalSection
	GlobalSection(SolutionProperties) = preSolution
		HideSolutionNode = FALSE
	EndGlobalSection
EndGlobal
